
Microsoft Visual Studio Solution File, Format Version 12.00
# Visual Studio Version 17
VisualStudioVersion = 17.5.33530.505
MinimumVisualStudioVersion = 10.0.40219.1
Project("{FAE04EC0-301F-11D3-BF4B-00C04F79EFBC}") = "EmployeeDelegate", "EmployeeDelegate\EmployeeDelegate.csproj", "{AE4E7C60-B13C-4A51-A659-D293591710D0}"
EndProject
Global
	GlobalSection(SolutionConfigurationPlatforms) = preSolution
		Debug|Any CPU = Debug|Any CPU
		Release|Any CPU = Release|Any CPU
	EndGlobalSection
	GlobalSection(ProjectConfigurationPlatforms) = postSolution
		{AE4E7C60-B13C-4A51-A659-D293591710D0}.Debug|Any CPU.ActiveCfg = Debug|Any CPU
		{AE4E7C60-B13C-4A51-A659-D293591710D0}.Debug|Any CPU.Build.0 = Debug|Any CPU
		{AE4E7C60-B13C-4A51-A659-D293591710D0}.Release|Any CPU.ActiveCfg = Release|Any CPU
		{AE4E7C60-B13C-4A51-A659-D293591710D0}.Release|Any CPU.Build.0 = Release|Any CPU
	EndGlobalSection
	GlobalSection(SolutionProperties) = preSolution
		HideSolutionNode = FALSE
	EndGlobalSection
	GlobalSection(ExtensibilityGlobals) = postSolution
		SolutionGuid = {B912C083-EA53-42ED-BB2A-FE6CED8AE92D}
	EndGlobalSection
EndGlobal
