
Microsoft Visual Studio Solution File, Format Version 12.00
# Visual Studio Version 16
VisualStudioVersion = 16.0.810.25
MinimumVisualStudioVersion = 10.0.40219.1
Project("{FAE04EC0-301F-11D3-BF4B-00C04F79EFBC}") = "clinic", "clinic\clinic.csproj", "{E389B670-62B7-4D70-8944-5AA67F2FB0A8}"
EndProject
Global
	GlobalSection(SolutionConfigurationPlatforms) = preSolution
		Debug|anycpu = Debug|anycpu
		Release|anycpu = Release|anycpu
	EndGlobalSection
	GlobalSection(ProjectConfigurationPlatforms) = postSolution
		{E389B670-62B7-4D70-8944-5AA67F2FB0A8}.Debug|anycpu.ActiveCfg = Debug|anycpu
		{E389B670-62B7-4D70-8944-5AA67F2FB0A8}.Debug|anycpu.Build.0 = Debug|anycpu
		{E389B670-62B7-4D70-8944-5AA67F2FB0A8}.Release|anycpu.ActiveCfg = Release|anycpu
		{E389B670-62B7-4D70-8944-5AA67F2FB0A8}.Release|anycpu.Build.0 = Release|anycpu
	EndGlobalSection
	GlobalSection(SolutionProperties) = preSolution
		HideSolutionNode = FALSE
	EndGlobalSection
	GlobalSection(ExtensibilityGlobals) = postSolution
		SolutionGuid = {EAD75AC3-0A9C-42D8-925A-0A65786ABE4B}
	EndGlobalSection
EndGlobal
